
Microsoft Visual Studio Solution File, Format Version 12.00
# Visual Studio Version 17
VisualStudioVersion = 17.1.32421.90
MinimumVisualStudioVersion = 10.0.40219.1
Project("{9A19103F-16F7-4668-BE54-9A1E7A4F7556}") = "Task3", "Task3.csproj", "{FA222561-3F9A-4A99-AED6-DF76525CF84F}"
EndProject
Project("{FAE04EC0-301F-11D3-BF4B-00C04F79EFBC}") = "BatchIterator.Tests", "..\BatchIterator.Tests\BatchIterator.Tests.csproj", "{579A813A-FD00-478A-B23F-11BAE5836AAB}"
EndProject
Global
	GlobalSection(SolutionConfigurationPlatforms) = preSolution
		Debug|Any CPU = Debug|Any CPU
		Release|Any CPU = Release|Any CPU
	EndGlobalSection
	GlobalSection(ProjectConfigurationPlatforms) = postSolution
		{FA222561-3F9A-4A99-AED6-DF76525CF84F}.Debug|Any CPU.ActiveCfg = Debug|Any CPU
		{FA222561-3F9A-4A99-AED6-DF76525CF84F}.Debug|Any CPU.Build.0 = Debug|Any CPU
		{FA222561-3F9A-4A99-AED6-DF76525CF84F}.Release|Any CPU.ActiveCfg = Release|Any CPU
		{FA222561-3F9A-4A99-AED6-DF76525CF84F}.Release|Any CPU.Build.0 = Release|Any CPU
		{579A813A-FD00-478A-B23F-11BAE5836AAB}.Debug|Any CPU.ActiveCfg = Debug|Any CPU
		{579A813A-FD00-478A-B23F-11BAE5836AAB}.Debug|Any CPU.Build.0 = Debug|Any CPU
		{579A813A-FD00-478A-B23F-11BAE5836AAB}.Release|Any CPU.ActiveCfg = Release|Any CPU
		{579A813A-FD00-478A-B23F-11BAE5836AAB}.Release|Any CPU.Build.0 = Release|Any CPU
	EndGlobalSection
	GlobalSection(SolutionProperties) = preSolution
		HideSolutionNode = FALSE
	EndGlobalSection
	GlobalSection(ExtensibilityGlobals) = postSolution
		SolutionGuid = {317831DF-5F5F-4049-B38E-C4794F5D3E62}
	EndGlobalSection
EndGlobal
