
Microsoft Visual Studio Solution File, Format Version 12.00
# Visual Studio Version 17
VisualStudioVersion = 17.1.32421.90
MinimumVisualStudioVersion = 10.0.40219.1
Project("{FAE04EC0-301F-11D3-BF4B-00C04F79EFBC}") = "Task1", "Task1.csproj", "{11717B2D-9C7F-4EE2-BA53-1332352D74ED}"
EndProject
Global
	GlobalSection(SolutionConfigurationPlatforms) = preSolution
		Debug|Any CPU = Debug|Any CPU
		Release|Any CPU = Release|Any CPU
	EndGlobalSection
	GlobalSection(ProjectConfigurationPlatforms) = postSolution
		{11717B2D-9C7F-4EE2-BA53-1332352D74ED}.Debug|Any CPU.ActiveCfg = Debug|Any CPU
		{11717B2D-9C7F-4EE2-BA53-1332352D74ED}.Debug|Any CPU.Build.0 = Debug|Any CPU
		{11717B2D-9C7F-4EE2-BA53-1332352D74ED}.Release|Any CPU.ActiveCfg = Release|Any CPU
		{11717B2D-9C7F-4EE2-BA53-1332352D74ED}.Release|Any CPU.Build.0 = Release|Any CPU
	EndGlobalSection
	GlobalSection(SolutionProperties) = preSolution
		HideSolutionNode = FALSE
	EndGlobalSection
	GlobalSection(ExtensibilityGlobals) = postSolution
		SolutionGuid = {F1ED22C1-1021-4A84-97D5-308DCFF2C947}
	EndGlobalSection
EndGlobal
