
Microsoft Visual Studio Solution File, Format Version 12.00
# Visual Studio Version 17
VisualStudioVersion = 17.1.32421.90
MinimumVisualStudioVersion = 10.0.40219.1
Project("{FAE04EC0-301F-11D3-BF4B-00C04F79EFBC}") = "Task3_2", "Task3_2.csproj", "{0A06C70D-0321-49E8-A78B-F73E4BCC8817}"
EndProject
Global
	GlobalSection(SolutionConfigurationPlatforms) = preSolution
		Debug|Any CPU = Debug|Any CPU
		Release|Any CPU = Release|Any CPU
	EndGlobalSection
	GlobalSection(ProjectConfigurationPlatforms) = postSolution
		{0A06C70D-0321-49E8-A78B-F73E4BCC8817}.Debug|Any CPU.ActiveCfg = Debug|Any CPU
		{0A06C70D-0321-49E8-A78B-F73E4BCC8817}.Debug|Any CPU.Build.0 = Debug|Any CPU
		{0A06C70D-0321-49E8-A78B-F73E4BCC8817}.Release|Any CPU.ActiveCfg = Release|Any CPU
		{0A06C70D-0321-49E8-A78B-F73E4BCC8817}.Release|Any CPU.Build.0 = Release|Any CPU
	EndGlobalSection
	GlobalSection(SolutionProperties) = preSolution
		HideSolutionNode = FALSE
	EndGlobalSection
	GlobalSection(ExtensibilityGlobals) = postSolution
		SolutionGuid = {1CF71D51-A9C9-4BE1-9B84-901A6B885F81}
	EndGlobalSection
EndGlobal
