
Microsoft Visual Studio Solution File, Format Version 12.00
# Visual Studio Version 17
VisualStudioVersion = 17.1.32414.318
MinimumVisualStudioVersion = 10.0.40219.1
Project("{FAE04EC0-301F-11D3-BF4B-00C04F79EFBC}") = "MainEx", "MainEx.csproj", "{56DF44D3-BDEF-4FE4-AF31-3B85D0ABED23}"
EndProject
Global
	GlobalSection(SolutionConfigurationPlatforms) = preSolution
		Debug|Any CPU = Debug|Any CPU
		Release|Any CPU = Release|Any CPU
	EndGlobalSection
	GlobalSection(ProjectConfigurationPlatforms) = postSolution
		{56DF44D3-BDEF-4FE4-AF31-3B85D0ABED23}.Debug|Any CPU.ActiveCfg = Debug|Any CPU
		{56DF44D3-BDEF-4FE4-AF31-3B85D0ABED23}.Debug|Any CPU.Build.0 = Debug|Any CPU
		{56DF44D3-BDEF-4FE4-AF31-3B85D0ABED23}.Release|Any CPU.ActiveCfg = Release|Any CPU
		{56DF44D3-BDEF-4FE4-AF31-3B85D0ABED23}.Release|Any CPU.Build.0 = Release|Any CPU
	EndGlobalSection
	GlobalSection(SolutionProperties) = preSolution
		HideSolutionNode = FALSE
	EndGlobalSection
	GlobalSection(ExtensibilityGlobals) = postSolution
		SolutionGuid = {75363674-7E29-4209-8A70-0D1E5F312FB3}
	EndGlobalSection
EndGlobal
